// !$*UTF8*$!
{
	archiveVersion = 1;
	classes = {
	};
	objectVersion = 50;
	objects = {

/* Begin PBXBuildFile section */
		260CE2522BC3D77B0F064DC3 /* Pods_AustinForVeteransStartupWeekendUITests.framework in Frameworks */ = {isa = PBXBuildFile; fileRef = 6F4B04C40E322CB1696B1574 /* Pods_AustinForVeteransStartupWeekendUITests.framework */; };
		3930E63EC9CAE4A021177850 /* Pods_AustinForVeteransStartupWeekendTests.framework in Frameworks */ = {isa = PBXBuildFile; fileRef = 476BC8AF70F95DB3583803FF /* Pods_AustinForVeteransStartupWeekendTests.framework */; };
		3D018F9E215FEBFF00B7A7F3 /* Artwork.swift in Sources */ = {isa = PBXBuildFile; fileRef = 3D018F9D215FEBFF00B7A7F3 /* Artwork.swift */; };
		3D018FA0215FEC5D00B7A7F3 /* ArtworkViews.swift in Sources */ = {isa = PBXBuildFile; fileRef = 3D018F9F215FEC5D00B7A7F3 /* ArtworkViews.swift */; };
		3D3E0A7E216057D6004F3462 /* EnableLocationSharingViewController.swift in Sources */ = {isa = PBXBuildFile; fileRef = 3D3E0A7D216057D6004F3462 /* EnableLocationSharingViewController.swift */; };
		3D4BF1E82162D190004FB33C /* landingPageViewController.swift in Sources */ = {isa = PBXBuildFile; fileRef = 3D4BF1E72162D190004FB33C /* landingPageViewController.swift */; };
		3D83B60E215FE15900C68F56 /* AppDelegate.swift in Sources */ = {isa = PBXBuildFile; fileRef = 3D83B60D215FE15900C68F56 /* AppDelegate.swift */; };
		3D83B610215FE15900C68F56 /* MapkitViewController.swift in Sources */ = {isa = PBXBuildFile; fileRef = 3D83B60F215FE15900C68F56 /* MapkitViewController.swift */; };
		3D83B612215FE15900C68F56 /* SecondViewController.swift in Sources */ = {isa = PBXBuildFile; fileRef = 3D83B611215FE15900C68F56 /* SecondViewController.swift */; };
		3D83B615215FE15900C68F56 /* Main.storyboard in Resources */ = {isa = PBXBuildFile; fileRef = 3D83B613215FE15900C68F56 /* Main.storyboard */; };
		3D83B617215FE15A00C68F56 /* Assets.xcassets in Resources */ = {isa = PBXBuildFile; fileRef = 3D83B616215FE15A00C68F56 /* Assets.xcassets */; };
		3D83B61A215FE15A00C68F56 /* LaunchScreen.storyboard in Resources */ = {isa = PBXBuildFile; fileRef = 3D83B618215FE15A00C68F56 /* LaunchScreen.storyboard */; };
		3D83B625215FE15A00C68F56 /* AustinForVeteransStartupWeekendTests.swift in Sources */ = {isa = PBXBuildFile; fileRef = 3D83B624215FE15A00C68F56 /* AustinForVeteransStartupWeekendTests.swift */; };
		3D83B630215FE15A00C68F56 /* AustinForVeteransStartupWeekendUITests.swift in Sources */ = {isa = PBXBuildFile; fileRef = 3D83B62F215FE15A00C68F56 /* AustinForVeteransStartupWeekendUITests.swift */; };
		3D83B63E215FE71200C68F56 /* GoogleService-Info.plist in Resources */ = {isa = PBXBuildFile; fileRef = 3D83B63D215FE71200C68F56 /* GoogleService-Info.plist */; };
		3D97D299216050F700EA954C /* toOpenSettingsViewController.swift in Sources */ = {isa = PBXBuildFile; fileRef = 3D97D298216050F700EA954C /* toOpenSettingsViewController.swift */; };
		A5EE1C18B89CAF52B917F307 /* Pods_AustinForVeteransStartupWeekend.framework in Frameworks */ = {isa = PBXBuildFile; fileRef = 3CF774C1D5ADBE1A5E69BF09 /* Pods_AustinForVeteransStartupWeekend.framework */; };
/* End PBXBuildFile section */

/* Begin PBXContainerItemProxy section */
		3D83B621215FE15A00C68F56 /* PBXContainerItemProxy */ = {
			isa = PBXContainerItemProxy;
			containerPortal = 3D83B602215FE15900C68F56 /* Project object */;
			proxyType = 1;
			remoteGlobalIDString = 3D83B609215FE15900C68F56;
			remoteInfo = AustinForVeteransStartupWeekend;
		};
		3D83B62C215FE15A00C68F56 /* PBXContainerItemProxy */ = {
			isa = PBXContainerItemProxy;
			containerPortal = 3D83B602215FE15900C68F56 /* Project object */;
			proxyType = 1;
			remoteGlobalIDString = 3D83B609215FE15900C68F56;
			remoteInfo = AustinForVeteransStartupWeekend;
		};
/* End PBXContainerItemProxy section */

/* Begin PBXFileReference section */
		3CF774C1D5ADBE1A5E69BF09 /* Pods_AustinForVeteransStartupWeekend.framework */ = {isa = PBXFileReference; explicitFileType = wrapper.framework; includeInIndex = 0; path = Pods_AustinForVeteransStartupWeekend.framework; sourceTree = BUILT_PRODUCTS_DIR; };
		3D018F9D215FEBFF00B7A7F3 /* Artwork.swift */ = {isa = PBXFileReference; lastKnownFileType = sourcecode.swift; path = Artwork.swift; sourceTree = "<group>"; };
		3D018F9F215FEC5D00B7A7F3 /* ArtworkViews.swift */ = {isa = PBXFileReference; lastKnownFileType = sourcecode.swift; path = ArtworkViews.swift; sourceTree = "<group>"; };
		3D3E0A7D216057D6004F3462 /* EnableLocationSharingViewController.swift */ = {isa = PBXFileReference; lastKnownFileType = sourcecode.swift; path = EnableLocationSharingViewController.swift; sourceTree = "<group>"; };
		3D4BF1E72162D190004FB33C /* landingPageViewController.swift */ = {isa = PBXFileReference; lastKnownFileType = sourcecode.swift; path = landingPageViewController.swift; sourceTree = "<group>"; };
		3D83B60A215FE15900C68F56 /* AustinForVeteransStartupWeekend.app */ = {isa = PBXFileReference; explicitFileType = wrapper.application; includeInIndex = 0; path = AustinForVeteransStartupWeekend.app; sourceTree = BUILT_PRODUCTS_DIR; };
		3D83B60D215FE15900C68F56 /* AppDelegate.swift */ = {isa = PBXFileReference; lastKnownFileType = sourcecode.swift; path = AppDelegate.swift; sourceTree = "<group>"; };
		3D83B60F215FE15900C68F56 /* MapkitViewController.swift */ = {isa = PBXFileReference; lastKnownFileType = sourcecode.swift; path = MapkitViewController.swift; sourceTree = "<group>"; };
		3D83B611215FE15900C68F56 /* SecondViewController.swift */ = {isa = PBXFileReference; lastKnownFileType = sourcecode.swift; path = SecondViewController.swift; sourceTree = "<group>"; };
		3D83B614215FE15900C68F56 /* Base */ = {isa = PBXFileReference; lastKnownFileType = file.storyboard; name = Base; path = Base.lproj/Main.storyboard; sourceTree = "<group>"; };
		3D83B616215FE15A00C68F56 /* Assets.xcassets */ = {isa = PBXFileReference; lastKnownFileType = folder.assetcatalog; path = Assets.xcassets; sourceTree = "<group>"; };
		3D83B619215FE15A00C68F56 /* Base */ = {isa = PBXFileReference; lastKnownFileType = file.storyboard; name = Base; path = Base.lproj/LaunchScreen.storyboard; sourceTree = "<group>"; };
		3D83B61B215FE15A00C68F56 /* Info.plist */ = {isa = PBXFileReference; lastKnownFileType = text.plist.xml; path = Info.plist; sourceTree = "<group>"; };
		3D83B620215FE15A00C68F56 /* AustinForVeteransStartupWeekendTests.xctest */ = {isa = PBXFileReference; explicitFileType = wrapper.cfbundle; includeInIndex = 0; path = AustinForVeteransStartupWeekendTests.xctest; sourceTree = BUILT_PRODUCTS_DIR; };
		3D83B624215FE15A00C68F56 /* AustinForVeteransStartupWeekendTests.swift */ = {isa = PBXFileReference; lastKnownFileType = sourcecode.swift; path = AustinForVeteransStartupWeekendTests.swift; sourceTree = "<group>"; };
		3D83B626215FE15A00C68F56 /* Info.plist */ = {isa = PBXFileReference; lastKnownFileType = text.plist.xml; path = Info.plist; sourceTree = "<group>"; };
		3D83B62B215FE15A00C68F56 /* AustinForVeteransStartupWeekendUITests.xctest */ = {isa = PBXFileReference; explicitFileType = wrapper.cfbundle; includeInIndex = 0; path = AustinForVeteransStartupWeekendUITests.xctest; sourceTree = BUILT_PRODUCTS_DIR; };
		3D83B62F215FE15A00C68F56 /* AustinForVeteransStartupWeekendUITests.swift */ = {isa = PBXFileReference; lastKnownFileType = sourcecode.swift; path = AustinForVeteransStartupWeekendUITests.swift; sourceTree = "<group>"; };
		3D83B631215FE15A00C68F56 /* Info.plist */ = {isa = PBXFileReference; lastKnownFileType = text.plist.xml; path = Info.plist; sourceTree = "<group>"; };
		3D83B63D215FE71200C68F56 /* GoogleService-Info.plist */ = {isa = PBXFileReference; fileEncoding = 4; lastKnownFileType = text.plist.xml; path = "GoogleService-Info.plist"; sourceTree = "<group>"; };
		3D97D298216050F700EA954C /* toOpenSettingsViewController.swift */ = {isa = PBXFileReference; lastKnownFileType = sourcecode.swift; path = toOpenSettingsViewController.swift; sourceTree = "<group>"; };
		476BC8AF70F95DB3583803FF /* Pods_AustinForVeteransStartupWeekendTests.framework */ = {isa = PBXFileReference; explicitFileType = wrapper.framework; includeInIndex = 0; path = Pods_AustinForVeteransStartupWeekendTests.framework; sourceTree = BUILT_PRODUCTS_DIR; };
		4AC17C0CCED7A7ADB58BDB75 /* Pods-AustinForVeteransStartupWeekend.release.xcconfig */ = {isa = PBXFileReference; includeInIndex = 1; lastKnownFileType = text.xcconfig; name = "Pods-AustinForVeteransStartupWeekend.release.xcconfig"; path = "Pods/Target Support Files/Pods-AustinForVeteransStartupWeekend/Pods-AustinForVeteransStartupWeekend.release.xcconfig"; sourceTree = "<group>"; };
		576347E8085C4460FEF62ECB /* Pods-AustinForVeteransStartupWeekendUITests.debug.xcconfig */ = {isa = PBXFileReference; includeInIndex = 1; lastKnownFileType = text.xcconfig; name = "Pods-AustinForVeteransStartupWeekendUITests.debug.xcconfig"; path = "Pods/Target Support Files/Pods-AustinForVeteransStartupWeekendUITests/Pods-AustinForVeteransStartupWeekendUITests.debug.xcconfig"; sourceTree = "<group>"; };
		6F4B04C40E322CB1696B1574 /* Pods_AustinForVeteransStartupWeekendUITests.framework */ = {isa = PBXFileReference; explicitFileType = wrapper.framework; includeInIndex = 0; path = Pods_AustinForVeteransStartupWeekendUITests.framework; sourceTree = BUILT_PRODUCTS_DIR; };
		84D999BE9A0FDDFFF00817B6 /* Pods-AustinForVeteransStartupWeekend.debug.xcconfig */ = {isa = PBXFileReference; includeInIndex = 1; lastKnownFileType = text.xcconfig; name = "Pods-AustinForVeteransStartupWeekend.debug.xcconfig"; path = "Pods/Target Support Files/Pods-AustinForVeteransStartupWeekend/Pods-AustinForVeteransStartupWeekend.debug.xcconfig"; sourceTree = "<group>"; };
		C726F5D57357EB12374FB4E0 /* Pods-AustinForVeteransStartupWeekendUITests.release.xcconfig */ = {isa = PBXFileReference; includeInIndex = 1; lastKnownFileType = text.xcconfig; name = "Pods-AustinForVeteransStartupWeekendUITests.release.xcconfig"; path = "Pods/Target Support Files/Pods-AustinForVeteransStartupWeekendUITests/Pods-AustinForVeteransStartupWeekendUITests.release.xcconfig"; sourceTree = "<group>"; };
		D35A4A8F9910BE460749C722 /* Pods-AustinForVeteransStartupWeekendTests.debug.xcconfig */ = {isa = PBXFileReference; includeInIndex = 1; lastKnownFileType = text.xcconfig; name = "Pods-AustinForVeteransStartupWeekendTests.debug.xcconfig"; path = "Pods/Target Support Files/Pods-AustinForVeteransStartupWeekendTests/Pods-AustinForVeteransStartupWeekendTests.debug.xcconfig"; sourceTree = "<group>"; };
		E3020CA81B316048EA84B081 /* Pods-AustinForVeteransStartupWeekendTests.release.xcconfig */ = {isa = PBXFileReference; includeInIndex = 1; lastKnownFileType = text.xcconfig; name = "Pods-AustinForVeteransStartupWeekendTests.release.xcconfig"; path = "Pods/Target Support Files/Pods-AustinForVeteransStartupWeekendTests/Pods-AustinForVeteransStartupWeekendTests.release.xcconfig"; sourceTree = "<group>"; };
/* End PBXFileReference section */

/* Begin PBXFrameworksBuildPhase section */
		3D83B607215FE15900C68F56 /* Frameworks */ = {
			isa = PBXFrameworksBuildPhase;
			buildActionMask = 2147483647;
			files = (
				A5EE1C18B89CAF52B917F307 /* Pods_AustinForVeteransStartupWeekend.framework in Frameworks */,
			);
			runOnlyForDeploymentPostprocessing = 0;
		};
		3D83B61D215FE15A00C68F56 /* Frameworks */ = {
			isa = PBXFrameworksBuildPhase;
			buildActionMask = 2147483647;
			files = (
				3930E63EC9CAE4A021177850 /* Pods_AustinForVeteransStartupWeekendTests.framework in Frameworks */,
			);
			runOnlyForDeploymentPostprocessing = 0;
		};
		3D83B628215FE15A00C68F56 /* Frameworks */ = {
			isa = PBXFrameworksBuildPhase;
			buildActionMask = 2147483647;
			files = (
				260CE2522BC3D77B0F064DC3 /* Pods_AustinForVeteransStartupWeekendUITests.framework in Frameworks */,
			);
			runOnlyForDeploymentPostprocessing = 0;
		};
/* End PBXFrameworksBuildPhase section */

/* Begin PBXGroup section */
		1BE173A39A835CE7E0F8BBDB /* Pods */ = {
			isa = PBXGroup;
			children = (
				84D999BE9A0FDDFFF00817B6 /* Pods-AustinForVeteransStartupWeekend.debug.xcconfig */,
				4AC17C0CCED7A7ADB58BDB75 /* Pods-AustinForVeteransStartupWeekend.release.xcconfig */,
				D35A4A8F9910BE460749C722 /* Pods-AustinForVeteransStartupWeekendTests.debug.xcconfig */,
				E3020CA81B316048EA84B081 /* Pods-AustinForVeteransStartupWeekendTests.release.xcconfig */,
				576347E8085C4460FEF62ECB /* Pods-AustinForVeteransStartupWeekendUITests.debug.xcconfig */,
				C726F5D57357EB12374FB4E0 /* Pods-AustinForVeteransStartupWeekendUITests.release.xcconfig */,
			);
			name = Pods;
			sourceTree = "<group>";
		};
		3D83B601215FE15900C68F56 = {
			isa = PBXGroup;
			children = (
				3D83B60C215FE15900C68F56 /* AustinForVeteransStartupWeekend */,
				3D83B623215FE15A00C68F56 /* AustinForVeteransStartupWeekendTests */,
				3D83B62E215FE15A00C68F56 /* AustinForVeteransStartupWeekendUITests */,
				3D83B60B215FE15900C68F56 /* Products */,
				1BE173A39A835CE7E0F8BBDB /* Pods */,
				44B783DF3E51FC4120ECC72E /* Frameworks */,
			);
			sourceTree = "<group>";
		};
		3D83B60B215FE15900C68F56 /* Products */ = {
			isa = PBXGroup;
			children = (
				3D83B60A215FE15900C68F56 /* AustinForVeteransStartupWeekend.app */,
				3D83B620215FE15A00C68F56 /* AustinForVeteransStartupWeekendTests.xctest */,
				3D83B62B215FE15A00C68F56 /* AustinForVeteransStartupWeekendUITests.xctest */,
			);
			name = Products;
			sourceTree = "<group>";
		};
		3D83B60C215FE15900C68F56 /* AustinForVeteransStartupWeekend */ = {
			isa = PBXGroup;
			children = (
				3D83B60D215FE15900C68F56 /* AppDelegate.swift */,
				3D4BF1E72162D190004FB33C /* landingPageViewController.swift */,
				3D83B60F215FE15900C68F56 /* MapkitViewController.swift */,
				3D83B611215FE15900C68F56 /* SecondViewController.swift */,
				3D83B613215FE15900C68F56 /* Main.storyboard */,
				3D83B616215FE15A00C68F56 /* Assets.xcassets */,
				3D83B618215FE15A00C68F56 /* LaunchScreen.storyboard */,
				3D83B63D215FE71200C68F56 /* GoogleService-Info.plist */,
				3D83B61B215FE15A00C68F56 /* Info.plist */,
				3D018F9D215FEBFF00B7A7F3 /* Artwork.swift */,
				3D018F9F215FEC5D00B7A7F3 /* ArtworkViews.swift */,
				3D97D298216050F700EA954C /* toOpenSettingsViewController.swift */,
				3D3E0A7D216057D6004F3462 /* EnableLocationSharingViewController.swift */,
			);
			path = AustinForVeteransStartupWeekend;
			sourceTree = "<group>";
		};
		3D83B623215FE15A00C68F56 /* AustinForVeteransStartupWeekendTests */ = {
			isa = PBXGroup;
			children = (
				3D83B624215FE15A00C68F56 /* AustinForVeteransStartupWeekendTests.swift */,
				3D83B626215FE15A00C68F56 /* Info.plist */,
			);
			path = AustinForVeteransStartupWeekendTests;
			sourceTree = "<group>";
		};
		3D83B62E215FE15A00C68F56 /* AustinForVeteransStartupWeekendUITests */ = {
			isa = PBXGroup;
			children = (
				3D83B62F215FE15A00C68F56 /* AustinForVeteransStartupWeekendUITests.swift */,
				3D83B631215FE15A00C68F56 /* Info.plist */,
			);
			path = AustinForVeteransStartupWeekendUITests;
			sourceTree = "<group>";
		};
		44B783DF3E51FC4120ECC72E /* Frameworks */ = {
			isa = PBXGroup;
			children = (
				3CF774C1D5ADBE1A5E69BF09 /* Pods_AustinForVeteransStartupWeekend.framework */,
				476BC8AF70F95DB3583803FF /* Pods_AustinForVeteransStartupWeekendTests.framework */,
				6F4B04C40E322CB1696B1574 /* Pods_AustinForVeteransStartupWeekendUITests.framework */,
			);
			name = Frameworks;
			sourceTree = "<group>";
		};
/* End PBXGroup section */

/* Begin PBXNativeTarget section */
		3D83B609215FE15900C68F56 /* AustinForVeteransStartupWeekend */ = {
			isa = PBXNativeTarget;
			buildConfigurationList = 3D83B634215FE15A00C68F56 /* Build configuration list for PBXNativeTarget "AustinForVeteransStartupWeekend" */;
			buildPhases = (
				96AB6B263BF4E994FE93F462 /* [CP] Check Pods Manifest.lock */,
				3D83B606215FE15900C68F56 /* Sources */,
				3D83B607215FE15900C68F56 /* Frameworks */,
				3D83B608215FE15900C68F56 /* Resources */,
				FA59C3E8B206E12EEC5C3321 /* [CP] Embed Pods Frameworks */,
			);
			buildRules = (
			);
			dependencies = (
			);
			name = AustinForVeteransStartupWeekend;
			productName = AustinForVeteransStartupWeekend;
			productReference = 3D83B60A215FE15900C68F56 /* AustinForVeteransStartupWeekend.app */;
			productType = "com.apple.product-type.application";
		};
		3D83B61F215FE15A00C68F56 /* AustinForVeteransStartupWeekendTests */ = {
			isa = PBXNativeTarget;
			buildConfigurationList = 3D83B637215FE15A00C68F56 /* Build configuration list for PBXNativeTarget "AustinForVeteransStartupWeekendTests" */;
			buildPhases = (
				B9966B8DF5C69AE1CD1C986C /* [CP] Check Pods Manifest.lock */,
				3D83B61C215FE15A00C68F56 /* Sources */,
				3D83B61D215FE15A00C68F56 /* Frameworks */,
				3D83B61E215FE15A00C68F56 /* Resources */,
			);
			buildRules = (
			);
			dependencies = (
				3D83B622215FE15A00C68F56 /* PBXTargetDependency */,
			);
			name = AustinForVeteransStartupWeekendTests;
			productName = AustinForVeteransStartupWeekendTests;
			productReference = 3D83B620215FE15A00C68F56 /* AustinForVeteransStartupWeekendTests.xctest */;
			productType = "com.apple.product-type.bundle.unit-test";
		};
		3D83B62A215FE15A00C68F56 /* AustinForVeteransStartupWeekendUITests */ = {
			isa = PBXNativeTarget;
			buildConfigurationList = 3D83B63A215FE15A00C68F56 /* Build configuration list for PBXNativeTarget "AustinForVeteransStartupWeekendUITests" */;
			buildPhases = (
				92FD44C1D8DAB97C0F73D5A7 /* [CP] Check Pods Manifest.lock */,
				3D83B627215FE15A00C68F56 /* Sources */,
				3D83B628215FE15A00C68F56 /* Frameworks */,
				3D83B629215FE15A00C68F56 /* Resources */,
			);
			buildRules = (
			);
			dependencies = (
				3D83B62D215FE15A00C68F56 /* PBXTargetDependency */,
			);
			name = AustinForVeteransStartupWeekendUITests;
			productName = AustinForVeteransStartupWeekendUITests;
			productReference = 3D83B62B215FE15A00C68F56 /* AustinForVeteransStartupWeekendUITests.xctest */;
			productType = "com.apple.product-type.bundle.ui-testing";
		};
/* End PBXNativeTarget section */

/* Begin PBXProject section */
		3D83B602215FE15900C68F56 /* Project object */ = {
			isa = PBXProject;
			attributes = {
				LastSwiftUpdateCheck = 1000;
				LastUpgradeCheck = 1000;
				ORGANIZATIONNAME = "George Pazdral (work)";
				TargetAttributes = {
					3D83B609215FE15900C68F56 = {
						CreatedOnToolsVersion = 10.0;
					};
					3D83B61F215FE15A00C68F56 = {
						CreatedOnToolsVersion = 10.0;
						TestTargetID = 3D83B609215FE15900C68F56;
					};
					3D83B62A215FE15A00C68F56 = {
						CreatedOnToolsVersion = 10.0;
						TestTargetID = 3D83B609215FE15900C68F56;
					};
				};
			};
			buildConfigurationList = 3D83B605215FE15900C68F56 /* Build configuration list for PBXProject "AustinForVeteransStartupWeekend" */;
			compatibilityVersion = "Xcode 9.3";
			developmentRegion = en;
			hasScannedForEncodings = 0;
			knownRegions = (
				en,
				Base,
			);
			mainGroup = 3D83B601215FE15900C68F56;
			productRefGroup = 3D83B60B215FE15900C68F56 /* Products */;
			projectDirPath = "";
			projectRoot = "";
			targets = (
				3D83B609215FE15900C68F56 /* AustinForVeteransStartupWeekend */,
				3D83B61F215FE15A00C68F56 /* AustinForVeteransStartupWeekendTests */,
				3D83B62A215FE15A00C68F56 /* AustinForVeteransStartupWeekendUITests */,
			);
		};
/* End PBXProject section */

/* Begin PBXResourcesBuildPhase section */
		3D83B608215FE15900C68F56 /* Resources */ = {
			isa = PBXResourcesBuildPhase;
			buildActionMask = 2147483647;
			files = (
				3D83B61A215FE15A00C68F56 /* LaunchScreen.storyboard in Resources */,
				3D83B63E215FE71200C68F56 /* GoogleService-Info.plist in Resources */,
				3D83B617215FE15A00C68F56 /* Assets.xcassets in Resources */,
				3D83B615215FE15900C68F56 /* Main.storyboard in Resources */,
			);
			runOnlyForDeploymentPostprocessing = 0;
		};
		3D83B61E215FE15A00C68F56 /* Resources */ = {
			isa = PBXResourcesBuildPhase;
			buildActionMask = 2147483647;
			files = (
			);
			runOnlyForDeploymentPostprocessing = 0;
		};
		3D83B629215FE15A00C68F56 /* Resources */ = {
			isa = PBXResourcesBuildPhase;
			buildActionMask = 2147483647;
			files = (
			);
			runOnlyForDeploymentPostprocessing = 0;
		};
/* End PBXResourcesBuildPhase section */

/* Begin PBXShellScriptBuildPhase section */
		92FD44C1D8DAB97C0F73D5A7 /* [CP] Check Pods Manifest.lock */ = {
			isa = PBXShellScriptBuildPhase;
			buildActionMask = 2147483647;
			files = (
			);
			inputPaths = (
				"${PODS_PODFILE_DIR_PATH}/Podfile.lock",
				"${PODS_ROOT}/Manifest.lock",
			);
			name = "[CP] Check Pods Manifest.lock";
			outputPaths = (
				"$(DERIVED_FILE_DIR)/Pods-AustinForVeteransStartupWeekendUITests-checkManifestLockResult.txt",
			);
			runOnlyForDeploymentPostprocessing = 0;
			shellPath = /bin/sh;
			shellScript = "diff \"${PODS_PODFILE_DIR_PATH}/Podfile.lock\" \"${PODS_ROOT}/Manifest.lock\" > /dev/null\nif [ $? != 0 ] ; then\n    # print error to STDERR\n    echo \"error: The sandbox is not in sync with the Podfile.lock. Run 'pod install' or update your CocoaPods installation.\" >&2\n    exit 1\nfi\n# This output is used by Xcode 'outputs' to avoid re-running this script phase.\necho \"SUCCESS\" > \"${SCRIPT_OUTPUT_FILE_0}\"\n";
			showEnvVarsInLog = 0;
		};
		96AB6B263BF4E994FE93F462 /* [CP] Check Pods Manifest.lock */ = {
			isa = PBXShellScriptBuildPhase;
			buildActionMask = 2147483647;
			files = (
			);
			inputPaths = (
				"${PODS_PODFILE_DIR_PATH}/Podfile.lock",
				"${PODS_ROOT}/Manifest.lock",
			);
			name = "[CP] Check Pods Manifest.lock";
			outputPaths = (
				"$(DERIVED_FILE_DIR)/Pods-AustinForVeteransStartupWeekend-checkManifestLockResult.txt",
			);
			runOnlyForDeploymentPostprocessing = 0;
			shellPath = /bin/sh;
			shellScript = "diff \"${PODS_PODFILE_DIR_PATH}/Podfile.lock\" \"${PODS_ROOT}/Manifest.lock\" > /dev/null\nif [ $? != 0 ] ; then\n    # print error to STDERR\n    echo \"error: The sandbox is not in sync with the Podfile.lock. Run 'pod install' or update your CocoaPods installation.\" >&2\n    exit 1\nfi\n# This output is used by Xcode 'outputs' to avoid re-running this script phase.\necho \"SUCCESS\" > \"${SCRIPT_OUTPUT_FILE_0}\"\n";
			showEnvVarsInLog = 0;
		};
		B9966B8DF5C69AE1CD1C986C /* [CP] Check Pods Manifest.lock */ = {
			isa = PBXShellScriptBuildPhase;
			buildActionMask = 2147483647;
			files = (
			);
			inputPaths = (
				"${PODS_PODFILE_DIR_PATH}/Podfile.lock",
				"${PODS_ROOT}/Manifest.lock",
			);
			name = "[CP] Check Pods Manifest.lock";
			outputPaths = (
				"$(DERIVED_FILE_DIR)/Pods-AustinForVeteransStartupWeekendTests-checkManifestLockResult.txt",
			);
			runOnlyForDeploymentPostprocessing = 0;
			shellPath = /bin/sh;
			shellScript = "diff \"${PODS_PODFILE_DIR_PATH}/Podfile.lock\" \"${PODS_ROOT}/Manifest.lock\" > /dev/null\nif [ $? != 0 ] ; then\n    # print error to STDERR\n    echo \"error: The sandbox is not in sync with the Podfile.lock. Run 'pod install' or update your CocoaPods installation.\" >&2\n    exit 1\nfi\n# This output is used by Xcode 'outputs' to avoid re-running this script phase.\necho \"SUCCESS\" > \"${SCRIPT_OUTPUT_FILE_0}\"\n";
			showEnvVarsInLog = 0;
		};
		FA59C3E8B206E12EEC5C3321 /* [CP] Embed Pods Frameworks */ = {
			isa = PBXShellScriptBuildPhase;
			buildActionMask = 2147483647;
			files = (
			);
			inputPaths = (
				"${SRCROOT}/Pods/Target Support Files/Pods-AustinForVeteransStartupWeekend/Pods-AustinForVeteransStartupWeekend-frameworks.sh",
				"${BUILT_PRODUCTS_DIR}/GTMSessionFetcher/GTMSessionFetcher.framework",
				"${BUILT_PRODUCTS_DIR}/GoogleUtilities/GoogleUtilities.framework",
				"${BUILT_PRODUCTS_DIR}/Protobuf/Protobuf.framework",
				"${BUILT_PRODUCTS_DIR}/leveldb-library/leveldb.framework",
				"${BUILT_PRODUCTS_DIR}/nanopb/nanopb.framework",
			);
			name = "[CP] Embed Pods Frameworks";
			outputPaths = (
				"${TARGET_BUILD_DIR}/${FRAMEWORKS_FOLDER_PATH}/GTMSessionFetcher.framework",
				"${TARGET_BUILD_DIR}/${FRAMEWORKS_FOLDER_PATH}/GoogleUtilities.framework",
				"${TARGET_BUILD_DIR}/${FRAMEWORKS_FOLDER_PATH}/Protobuf.framework",
				"${TARGET_BUILD_DIR}/${FRAMEWORKS_FOLDER_PATH}/leveldb.framework",
				"${TARGET_BUILD_DIR}/${FRAMEWORKS_FOLDER_PATH}/nanopb.framework",
			);
			runOnlyForDeploymentPostprocessing = 0;
			shellPath = /bin/sh;
			shellScript = "\"${SRCROOT}/Pods/Target Support Files/Pods-AustinForVeteransStartupWeekend/Pods-AustinForVeteransStartupWeekend-frameworks.sh\"\n";
			showEnvVarsInLog = 0;
		};
/* End PBXShellScriptBuildPhase section */

/* Begin PBXSourcesBuildPhase section */
		3D83B606215FE15900C68F56 /* Sources */ = {
			isa = PBXSourcesBuildPhase;
			buildActionMask = 2147483647;
			files = (
				3D83B612215FE15900C68F56 /* SecondViewController.swift in Sources */,
				3D018FA0215FEC5D00B7A7F3 /* ArtworkViews.swift in Sources */,
				3D83B60E215FE15900C68F56 /* AppDelegate.swift in Sources */,
				3D4BF1E82162D190004FB33C /* landingPageViewController.swift in Sources */,
				3D3E0A7E216057D6004F3462 /* EnableLocationSharingViewController.swift in Sources */,
				3D018F9E215FEBFF00B7A7F3 /* Artwork.swift in Sources */,
				3D97D299216050F700EA954C /* toOpenSettingsViewController.swift in Sources */,
				3D83B610215FE15900C68F56 /* MapkitViewController.swift in Sources */,
			);
			runOnlyForDeploymentPostprocessing = 0;
		};
		3D83B61C215FE15A00C68F56 /* Sources */ = {
			isa = PBXSourcesBuildPhase;
			buildActionMask = 2147483647;
			files = (
				3D83B625215FE15A00C68F56 /* AustinForVeteransStartupWeekendTests.swift in Sources */,
			);
			runOnlyForDeploymentPostprocessing = 0;
		};
		3D83B627215FE15A00C68F56 /* Sources */ = {
			isa = PBXSourcesBuildPhase;
			buildActionMask = 2147483647;
			files = (
				3D83B630215FE15A00C68F56 /* AustinForVeteransStartupWeekendUITests.swift in Sources */,
			);
			runOnlyForDeploymentPostprocessing = 0;
		};
/* End PBXSourcesBuildPhase section */

/* Begin PBXTargetDependency section */
		3D83B622215FE15A00C68F56 /* PBXTargetDependency */ = {
			isa = PBXTargetDependency;
			target = 3D83B609215FE15900C68F56 /* AustinForVeteransStartupWeekend */;
			targetProxy = 3D83B621215FE15A00C68F56 /* PBXContainerItemProxy */;
		};
		3D83B62D215FE15A00C68F56 /* PBXTargetDependency */ = {
			isa = PBXTargetDependency;
			target = 3D83B609215FE15900C68F56 /* AustinForVeteransStartupWeekend */;
			targetProxy = 3D83B62C215FE15A00C68F56 /* PBXContainerItemProxy */;
		};
/* End PBXTargetDependency section */

/* Begin PBXVariantGroup section */
		3D83B613215FE15900C68F56 /* Main.storyboard */ = {
			isa = PBXVariantGroup;
			children = (
				3D83B614215FE15900C68F56 /* Base */,
			);
			name = Main.storyboard;
			sourceTree = "<group>";
		};
		3D83B618215FE15A00C68F56 /* LaunchScreen.storyboard */ = {
			isa = PBXVariantGroup;
			children = (
				3D83B619215FE15A00C68F56 /* Base */,
			);
			name = LaunchScreen.storyboard;
			sourceTree = "<group>";
		};
/* End PBXVariantGroup section */

/* Begin XCBuildConfiguration section */
		3D83B632215FE15A00C68F56 /* Debug */ = {
			isa = XCBuildConfiguration;
			buildSettings = {
				ALWAYS_SEARCH_USER_PATHS = NO;
				CLANG_ANALYZER_NONNULL = YES;
				CLANG_ANALYZER_NUMBER_OBJECT_CONVERSION = YES_AGGRESSIVE;
				CLANG_CXX_LANGUAGE_STANDARD = "gnu++14";
				CLANG_CXX_LIBRARY = "libc++";
				CLANG_ENABLE_MODULES = YES;
				CLANG_ENABLE_OBJC_ARC = YES;
				CLANG_ENABLE_OBJC_WEAK = YES;
				CLANG_WARN_BLOCK_CAPTURE_AUTORELEASING = YES;
				CLANG_WARN_BOOL_CONVERSION = YES;
				CLANG_WARN_COMMA = YES;
				CLANG_WARN_CONSTANT_CONVERSION = YES;
				CLANG_WARN_DEPRECATED_OBJC_IMPLEMENTATIONS = YES;
				CLANG_WARN_DIRECT_OBJC_ISA_USAGE = YES_ERROR;
				CLANG_WARN_DOCUMENTATION_COMMENTS = YES;
				CLANG_WARN_EMPTY_BODY = YES;
				CLANG_WARN_ENUM_CONVERSION = YES;
				CLANG_WARN_INFINITE_RECURSION = YES;
				CLANG_WARN_INT_CONVERSION = YES;
				CLANG_WARN_NON_LITERAL_NULL_CONVERSION = YES;
				CLANG_WARN_OBJC_IMPLICIT_RETAIN_SELF = YES;
				CLANG_WARN_OBJC_LITERAL_CONVERSION = YES;
				CLANG_WARN_OBJC_ROOT_CLASS = YES_ERROR;
				CLANG_WARN_RANGE_LOOP_ANALYSIS = YES;
				CLANG_WARN_STRICT_PROTOTYPES = YES;
				CLANG_WARN_SUSPICIOUS_MOVE = YES;
				CLANG_WARN_UNGUARDED_AVAILABILITY = YES_AGGRESSIVE;
				CLANG_WARN_UNREACHABLE_CODE = YES;
				CLANG_WARN__DUPLICATE_METHOD_MATCH = YES;
				CODE_SIGN_IDENTITY = "iPhone Developer";
				COPY_PHASE_STRIP = NO;
				DEBUG_INFORMATION_FORMAT = dwarf;
				ENABLE_STRICT_OBJC_MSGSEND = YES;
				ENABLE_TESTABILITY = YES;
				GCC_C_LANGUAGE_STANDARD = gnu11;
				GCC_DYNAMIC_NO_PIC = NO;
				GCC_NO_COMMON_BLOCKS = YES;
				GCC_OPTIMIZATION_LEVEL = 0;
				GCC_PREPROCESSOR_DEFINITIONS = (
					"DEBUG=1",
					"$(inherited)",
				);
				GCC_WARN_64_TO_32_BIT_CONVERSION = YES;
				GCC_WARN_ABOUT_RETURN_TYPE = YES_ERROR;
				GCC_WARN_UNDECLARED_SELECTOR = YES;
				GCC_WARN_UNINITIALIZED_AUTOS = YES_AGGRESSIVE;
				GCC_WARN_UNUSED_FUNCTION = YES;
				GCC_WARN_UNUSED_VARIABLE = YES;
				IPHONEOS_DEPLOYMENT_TARGET = 12.0;
				MTL_ENABLE_DEBUG_INFO = INCLUDE_SOURCE;
				MTL_FAST_MATH = YES;
				ONLY_ACTIVE_ARCH = YES;
				SDKROOT = iphoneos;
				SWIFT_ACTIVE_COMPILATION_CONDITIONS = DEBUG;
				SWIFT_OPTIMIZATION_LEVEL = "-Onone";
			};
			name = Debug;
		};
		3D83B633215FE15A00C68F56 /* Release */ = {
			isa = XCBuildConfiguration;
			buildSettings = {
				ALWAYS_SEARCH_USER_PATHS = NO;
				CLANG_ANALYZER_NONNULL = YES;
				CLANG_ANALYZER_NUMBER_OBJECT_CONVERSION = YES_AGGRESSIVE;
				CLANG_CXX_LANGUAGE_STANDARD = "gnu++14";
				CLANG_CXX_LIBRARY = "libc++";
				CLANG_ENABLE_MODULES = YES;
				CLANG_ENABLE_OBJC_ARC = YES;
				CLANG_ENABLE_OBJC_WEAK = YES;
				CLANG_WARN_BLOCK_CAPTURE_AUTORELEASING = YES;
				CLANG_WARN_BOOL_CONVERSION = YES;
				CLANG_WARN_COMMA = YES;
				CLANG_WARN_CONSTANT_CONVERSION = YES;
				CLANG_WARN_DEPRECATED_OBJC_IMPLEMENTATIONS = YES;
				CLANG_WARN_DIRECT_OBJC_ISA_USAGE = YES_ERROR;
				CLANG_WARN_DOCUMENTATION_COMMENTS = YES;
				CLANG_WARN_EMPTY_BODY = YES;
				CLANG_WARN_ENUM_CONVERSION = YES;
				CLANG_WARN_INFINITE_RECURSION = YES;
				CLANG_WARN_INT_CONVERSION = YES;
				CLANG_WARN_NON_LITERAL_NULL_CONVERSION = YES;
				CLANG_WARN_OBJC_IMPLICIT_RETAIN_SELF = YES;
				CLANG_WARN_OBJC_LITERAL_CONVERSION = YES;
				CLANG_WARN_OBJC_ROOT_CLASS = YES_ERROR;
				CLANG_WARN_RANGE_LOOP_ANALYSIS = YES;
				CLANG_WARN_STRICT_PROTOTYPES = YES;
				CLANG_WARN_SUSPICIOUS_MOVE = YES;
				CLANG_WARN_UNGUARDED_AVAILABILITY = YES_AGGRESSIVE;
				CLANG_WARN_UNREACHABLE_CODE = YES;
				CLANG_WARN__DUPLICATE_METHOD_MATCH = YES;
				CODE_SIGN_IDENTITY = "iPhone Developer";
				COPY_PHASE_STRIP = NO;
				DEBUG_INFORMATION_FORMAT = "dwarf-with-dsym";
				ENABLE_NS_ASSERTIONS = NO;
				ENABLE_STRICT_OBJC_MSGSEND = YES;
				GCC_C_LANGUAGE_STANDARD = gnu11;
				GCC_NO_COMMON_BLOCKS = YES;
				GCC_WARN_64_TO_32_BIT_CONVERSION = YES;
				GCC_WARN_ABOUT_RETURN_TYPE = YES_ERROR;
				GCC_WARN_UNDECLARED_SELECTOR = YES;
				GCC_WARN_UNINITIALIZED_AUTOS = YES_AGGRESSIVE;
				GCC_WARN_UNUSED_FUNCTION = YES;
				GCC_WARN_UNUSED_VARIABLE = YES;
				IPHONEOS_DEPLOYMENT_TARGET = 12.0;
				MTL_ENABLE_DEBUG_INFO = NO;
				MTL_FAST_MATH = YES;
				SDKROOT = iphoneos;
				SWIFT_COMPILATION_MODE = wholemodule;
				SWIFT_OPTIMIZATION_LEVEL = "-O";
				VALIDATE_PRODUCT = YES;
			};
			name = Release;
		};
		3D83B635215FE15A00C68F56 /* Debug */ = {
			isa = XCBuildConfiguration;
			baseConfigurationReference = 84D999BE9A0FDDFFF00817B6 /* Pods-AustinForVeteransStartupWeekend.debug.xcconfig */;
			buildSettings = {
				ASSETCATALOG_COMPILER_APPICON_NAME = AppIcon;
				CODE_SIGN_IDENTITY = "iPhone Developer";
				CODE_SIGN_STYLE = Automatic;
				DEVELOPMENT_TEAM = 3XC8EEXBN9;
				INFOPLIST_FILE = AustinForVeteransStartupWeekend/Info.plist;
				LD_RUNPATH_SEARCH_PATHS = (
					"$(inherited)",
					"@executable_path/Frameworks",
				);
				PRODUCT_BUNDLE_IDENTIFIER = com.george.HonorFlight;
				PRODUCT_NAME = "$(TARGET_NAME)";
				PROVISIONING_PROFILE_SPECIFIER = "";
				SWIFT_VERSION = 4.2;
				TARGETED_DEVICE_FAMILY = "1,2";
			};
			name = Debug;
		};
		3D83B636215FE15A00C68F56 /* Release */ = {
			isa = XCBuildConfiguration;
			baseConfigurationReference = 4AC17C0CCED7A7ADB58BDB75 /* Pods-AustinForVeteransStartupWeekend.release.xcconfig */;
			buildSettings = {
				ASSETCATALOG_COMPILER_APPICON_NAME = AppIcon;
				CODE_SIGN_IDENTITY = "iPhone Developer";
				CODE_SIGN_STYLE = Automatic;
				DEVELOPMENT_TEAM = 3XC8EEXBN9;
				INFOPLIST_FILE = AustinForVeteransStartupWeekend/Info.plist;
				LD_RUNPATH_SEARCH_PATHS = (
					"$(inherited)",
					"@executable_path/Frameworks",
				);
				PRODUCT_BUNDLE_IDENTIFIER = com.george.HonorFlight;
				PRODUCT_NAME = "$(TARGET_NAME)";
				PROVISIONING_PROFILE_SPECIFIER = "";
				SWIFT_VERSION = 4.2;
				TARGETED_DEVICE_FAMILY = "1,2";
			};
			name = Release;
		};
		3D83B638215FE15A00C68F56 /* Debug */ = {
			isa = XCBuildConfiguration;
			baseConfigurationReference = D35A4A8F9910BE460749C722 /* Pods-AustinForVeteransStartupWeekendTests.debug.xcconfig */;
			buildSettings = {
				ALWAYS_EMBED_SWIFT_STANDARD_LIBRARIES = YES;
				BUNDLE_LOADER = "$(TEST_HOST)";
				CODE_SIGN_STYLE = Automatic;
				DEVELOPMENT_TEAM = 3XC8EEXBN9;
				INFOPLIST_FILE = AustinForVeteransStartupWeekendTests/Info.plist;
				LD_RUNPATH_SEARCH_PATHS = (
					"$(inherited)",
					"@executable_path/Frameworks",
					"@loader_path/Frameworks",
				);
				PRODUCT_BUNDLE_IDENTIFIER = com.george.AustinForVeteransStartupWeekendTests;
				PRODUCT_NAME = "$(TARGET_NAME)";
				SWIFT_VERSION = 4.2;
				TARGETED_DEVICE_FAMILY = "1,2";
				TEST_HOST = "$(BUILT_PRODUCTS_DIR)/AustinForVeteransStartupWeekend.app/AustinForVeteransStartupWeekend";
			};
			name = Debug;
		};
		3D83B639215FE15A00C68F56 /* Release */ = {
			isa = XCBuildConfiguration;
			baseConfigurationReference = E3020CA81B316048EA84B081 /* Pods-AustinForVeteransStartupWeekendTests.release.xcconfig */;
			buildSettings = {
				ALWAYS_EMBED_SWIFT_STANDARD_LIBRARIES = YES;
				BUNDLE_LOADER = "$(TEST_HOST)";
				CODE_SIGN_STYLE = Automatic;
				DEVELOPMENT_TEAM = 3XC8EEXBN9;
				INFOPLIST_FILE = AustinForVeteransStartupWeekendTests/Info.plist;
				LD_RUNPATH_SEARCH_PATHS = (
					"$(inherited)",
					"@executable_path/Frameworks",
					"@loader_path/Frameworks",
				);
				PRODUCT_BUNDLE_IDENTIFIER = com.george.AustinForVeteransStartupWeekendTests;
				PRODUCT_NAME = "$(TARGET_NAME)";
				SWIFT_VERSION = 4.2;
				TARGETED_DEVICE_FAMILY = "1,2";
				TEST_HOST = "$(BUILT_PRODUCTS_DIR)/AustinForVeteransStartupWeekend.app/AustinForVeteransStartupWeekend";
			};
			name = Release;
		};
		3D83B63B215FE15A00C68F56 /* Debug */ = {
			isa = XCBuildConfiguration;
			baseConfigurationReference = 576347E8085C4460FEF62ECB /* Pods-AustinForVeteransStartupWeekendUITests.debug.xcconfig */;
			buildSettings = {
				ALWAYS_EMBED_SWIFT_STANDARD_LIBRARIES = YES;
				CODE_SIGN_STYLE = Automatic;
				DEVELOPMENT_TEAM = 3XC8EEXBN9;
				INFOPLIST_FILE = AustinForVeteransStartupWeekendUITests/Info.plist;
				LD_RUNPATH_SEARCH_PATHS = (
					"$(inherited)",
					"@executable_path/Frameworks",
					"@loader_path/Frameworks",
				);
				PRODUCT_BUNDLE_IDENTIFIER = com.george.AustinForVeteransStartupWeekendUITests;
				PRODUCT_NAME = "$(TARGET_NAME)";
				SWIFT_VERSION = 4.2;
				TARGETED_DEVICE_FAMILY = "1,2";
				TEST_TARGET_NAME = AustinForVeteransStartupWeekend;
			};
			name = Debug;
		};
		3D83B63C215FE15A00C68F56 /* Release */ = {
			isa = XCBuildConfiguration;
			baseConfigurationReference = C726F5D57357EB12374FB4E0 /* Pods-AustinForVeteransStartupWeekendUITests.release.xcconfig */;
			buildSettings = {
				ALWAYS_EMBED_SWIFT_STANDARD_LIBRARIES = YES;
				CODE_SIGN_STYLE = Automatic;
				DEVELOPMENT_TEAM = 3XC8EEXBN9;
				INFOPLIST_FILE = AustinForVeteransStartupWeekendUITests/Info.plist;
				LD_RUNPATH_SEARCH_PATHS = (
					"$(inherited)",
					"@executable_path/Frameworks",
					"@loader_path/Frameworks",
				);
				PRODUCT_BUNDLE_IDENTIFIER = com.george.AustinForVeteransStartupWeekendUITests;
				PRODUCT_NAME = "$(TARGET_NAME)";
				SWIFT_VERSION = 4.2;
				TARGETED_DEVICE_FAMILY = "1,2";
				TEST_TARGET_NAME = AustinForVeteransStartupWeekend;
			};
			name = Release;
		};
/* End XCBuildConfiguration section */

/* Begin XCConfigurationList section */
		3D83B605215FE15900C68F56 /* Build configuration list for PBXProject "AustinForVeteransStartupWeekend" */ = {
			isa = XCConfigurationList;
			buildConfigurations = (
				3D83B632215FE15A00C68F56 /* Debug */,
				3D83B633215FE15A00C68F56 /* Release */,
			);
			defaultConfigurationIsVisible = 0;
			defaultConfigurationName = Release;
		};
		3D83B634215FE15A00C68F56 /* Build configuration list for PBXNativeTarget "AustinForVeteransStartupWeekend" */ = {
			isa = XCConfigurationList;
			buildConfigurations = (
				3D83B635215FE15A00C68F56 /* Debug */,
				3D83B636215FE15A00C68F56 /* Release */,
			);
			defaultConfigurationIsVisible = 0;
			defaultConfigurationName = Release;
		};
		3D83B637215FE15A00C68F56 /* Build configuration list for PBXNativeTarget "AustinForVeteransStartupWeekendTests" */ = {
			isa = XCConfigurationList;
			buildConfigurations = (
				3D83B638215FE15A00C68F56 /* Debug */,
				3D83B639215FE15A00C68F56 /* Release */,
			);
			defaultConfigurationIsVisible = 0;
			defaultConfigurationName = Release;
		};
		3D83B63A215FE15A00C68F56 /* Build configuration list for PBXNativeTarget "AustinForVeteransStartupWeekendUITests" */ = {
			isa = XCConfigurationList;
			buildConfigurations = (
				3D83B63B215FE15A00C68F56 /* Debug */,
				3D83B63C215FE15A00C68F56 /* Release */,
			);
			defaultConfigurationIsVisible = 0;
			defaultConfigurationName = Release;
		};
/* End XCConfigurationList section */
	};
	rootObject = 3D83B602215FE15900C68F56 /* Project object */;
}
